
Microsoft Visual Studio Solution File, Format Version 12.00
# Visual Studio Version 16
VisualStudioVersion = 16.0.30621.155
MinimumVisualStudioVersion = 10.0.40219.1
Project("{FAE04EC0-301F-11D3-BF4B-00C04F79EFBC}") = "cw2", "cw2\cw2.csproj", "{D25D0589-29C5-4F2F-88FD-07D93D8B71BF}"
EndProject
Global
	GlobalSection(SolutionConfigurationPlatforms) = preSolution
		Debug|Any CPU = Debug|Any CPU
		Release|Any CPU = Release|Any CPU
	EndGlobalSection
	GlobalSection(ProjectConfigurationPlatforms) = postSolution
		{D25D0589-29C5-4F2F-88FD-07D93D8B71BF}.Debug|Any CPU.ActiveCfg = Debug|Any CPU
		{D25D0589-29C5-4F2F-88FD-07D93D8B71BF}.Debug|Any CPU.Build.0 = Debug|Any CPU
		{D25D0589-29C5-4F2F-88FD-07D93D8B71BF}.Release|Any CPU.ActiveCfg = Release|Any CPU
		{D25D0589-29C5-4F2F-88FD-07D93D8B71BF}.Release|Any CPU.Build.0 = Release|Any CPU
	EndGlobalSection
	GlobalSection(SolutionProperties) = preSolution
		HideSolutionNode = FALSE
	EndGlobalSection
	GlobalSection(ExtensibilityGlobals) = postSolution
		SolutionGuid = {105785C5-17EC-406D-9684-F99C9D09A4C8}
	EndGlobalSection
EndGlobal
